
Microsoft Visual Studio Solution File, Format Version 12.00
# Visual Studio Version 16
VisualStudioVersion = 16.0.31402.337
MinimumVisualStudioVersion = 10.0.40219.1
Project("{8BC9CEB8-8B4A-11D0-8D11-00A0C91BC942}") = "1.12Pos_pro", "1.12Pos_pro\1.12Pos_pro.vcxproj", "{4CBFB60D-F867-447B-AEE5-68C3B42F76FD}"
EndProject
Global
	GlobalSection(SolutionConfigurationPlatforms) = preSolution
		Debug|x64 = Debug|x64
		Debug|x86 = Debug|x86
		Release|x64 = Release|x64
		Release|x86 = Release|x86
	EndGlobalSection
	GlobalSection(ProjectConfigurationPlatforms) = postSolution
		{4CBFB60D-F867-447B-AEE5-68C3B42F76FD}.Debug|x64.ActiveCfg = Debug|x64
		{4CBFB60D-F867-447B-AEE5-68C3B42F76FD}.Debug|x64.Build.0 = Debug|x64
		{4CBFB60D-F867-447B-AEE5-68C3B42F76FD}.Debug|x86.ActiveCfg = Debug|Win32
		{4CBFB60D-F867-447B-AEE5-68C3B42F76FD}.Debug|x86.Build.0 = Debug|Win32
		{4CBFB60D-F867-447B-AEE5-68C3B42F76FD}.Release|x64.ActiveCfg = Release|x64
		{4CBFB60D-F867-447B-AEE5-68C3B42F76FD}.Release|x64.Build.0 = Release|x64
		{4CBFB60D-F867-447B-AEE5-68C3B42F76FD}.Release|x86.ActiveCfg = Release|Win32
		{4CBFB60D-F867-447B-AEE5-68C3B42F76FD}.Release|x86.Build.0 = Release|Win32
	EndGlobalSection
	GlobalSection(SolutionProperties) = preSolution
		HideSolutionNode = FALSE
	EndGlobalSection
	GlobalSection(ExtensibilityGlobals) = postSolution
		SolutionGuid = {3A33294D-31E3-4DA9-9E87-D4A647B02BF2}
	EndGlobalSection
EndGlobal
