
Microsoft Visual Studio Solution File, Format Version 12.00
# Visual Studio Version 16
VisualStudioVersion = 16.0.31402.337
MinimumVisualStudioVersion = 10.0.40219.1
Project("{8BC9CEB8-8B4A-11D0-8D11-00A0C91BC942}") = "2循环链表大整数", "2循环链表大整数\2循环链表大整数.vcxproj", "{3F9A527F-FF01-4FE0-AFC0-086E6275107B}"
EndProject
Global
	GlobalSection(SolutionConfigurationPlatforms) = preSolution
		Debug|x64 = Debug|x64
		Debug|x86 = Debug|x86
		Release|x64 = Release|x64
		Release|x86 = Release|x86
	EndGlobalSection
	GlobalSection(ProjectConfigurationPlatforms) = postSolution
		{3F9A527F-FF01-4FE0-AFC0-086E6275107B}.Debug|x64.ActiveCfg = Debug|x64
		{3F9A527F-FF01-4FE0-AFC0-086E6275107B}.Debug|x64.Build.0 = Debug|x64
		{3F9A527F-FF01-4FE0-AFC0-086E6275107B}.Debug|x86.ActiveCfg = Debug|Win32
		{3F9A527F-FF01-4FE0-AFC0-086E6275107B}.Debug|x86.Build.0 = Debug|Win32
		{3F9A527F-FF01-4FE0-AFC0-086E6275107B}.Release|x64.ActiveCfg = Release|x64
		{3F9A527F-FF01-4FE0-AFC0-086E6275107B}.Release|x64.Build.0 = Release|x64
		{3F9A527F-FF01-4FE0-AFC0-086E6275107B}.Release|x86.ActiveCfg = Release|Win32
		{3F9A527F-FF01-4FE0-AFC0-086E6275107B}.Release|x86.Build.0 = Release|Win32
	EndGlobalSection
	GlobalSection(SolutionProperties) = preSolution
		HideSolutionNode = FALSE
	EndGlobalSection
	GlobalSection(ExtensibilityGlobals) = postSolution
		SolutionGuid = {F16FF131-ADE2-4800-8E7A-8A0AA2547C9A}
	EndGlobalSection
EndGlobal
