
Microsoft Visual Studio Solution File, Format Version 12.00
# Visual Studio Version 16
VisualStudioVersion = 16.0.31205.134
MinimumVisualStudioVersion = 10.0.40219.1
Project("{8BC9CEB8-8B4A-11D0-8D11-00A0C91BC942}") = "多态", "多态\多态.vcxproj", "{D89E0C5F-D004-416D-817A-72D988C956FE}"
EndProject
Global
	GlobalSection(SolutionConfigurationPlatforms) = preSolution
		Debug|x64 = Debug|x64
		Debug|x86 = Debug|x86
		Release|x64 = Release|x64
		Release|x86 = Release|x86
	EndGlobalSection
	GlobalSection(ProjectConfigurationPlatforms) = postSolution
		{D89E0C5F-D004-416D-817A-72D988C956FE}.Debug|x64.ActiveCfg = Debug|x64
		{D89E0C5F-D004-416D-817A-72D988C956FE}.Debug|x64.Build.0 = Debug|x64
		{D89E0C5F-D004-416D-817A-72D988C956FE}.Debug|x86.ActiveCfg = Debug|Win32
		{D89E0C5F-D004-416D-817A-72D988C956FE}.Debug|x86.Build.0 = Debug|Win32
		{D89E0C5F-D004-416D-817A-72D988C956FE}.Release|x64.ActiveCfg = Release|x64
		{D89E0C5F-D004-416D-817A-72D988C956FE}.Release|x64.Build.0 = Release|x64
		{D89E0C5F-D004-416D-817A-72D988C956FE}.Release|x86.ActiveCfg = Release|Win32
		{D89E0C5F-D004-416D-817A-72D988C956FE}.Release|x86.Build.0 = Release|Win32
	EndGlobalSection
	GlobalSection(SolutionProperties) = preSolution
		HideSolutionNode = FALSE
	EndGlobalSection
	GlobalSection(ExtensibilityGlobals) = postSolution
		SolutionGuid = {50FDFD82-0B4F-4A1D-8F5B-DEF5A208977C}
	EndGlobalSection
EndGlobal
