
Microsoft Visual Studio Solution File, Format Version 12.00
# Visual Studio Version 16
VisualStudioVersion = 16.0.31402.337
MinimumVisualStudioVersion = 10.0.40219.1
Project("{8BC9CEB8-8B4A-11D0-8D11-00A0C91BC942}") = "6数据文件处理", "6数据文件处理\6数据文件处理.vcxproj", "{6ED5DE99-18CC-4984-B4C7-AD1854908457}"
EndProject
Global
	GlobalSection(SolutionConfigurationPlatforms) = preSolution
		Debug|x64 = Debug|x64
		Debug|x86 = Debug|x86
		Release|x64 = Release|x64
		Release|x86 = Release|x86
	EndGlobalSection
	GlobalSection(ProjectConfigurationPlatforms) = postSolution
		{6ED5DE99-18CC-4984-B4C7-AD1854908457}.Debug|x64.ActiveCfg = Debug|x64
		{6ED5DE99-18CC-4984-B4C7-AD1854908457}.Debug|x64.Build.0 = Debug|x64
		{6ED5DE99-18CC-4984-B4C7-AD1854908457}.Debug|x86.ActiveCfg = Debug|Win32
		{6ED5DE99-18CC-4984-B4C7-AD1854908457}.Debug|x86.Build.0 = Debug|Win32
		{6ED5DE99-18CC-4984-B4C7-AD1854908457}.Release|x64.ActiveCfg = Release|x64
		{6ED5DE99-18CC-4984-B4C7-AD1854908457}.Release|x64.Build.0 = Release|x64
		{6ED5DE99-18CC-4984-B4C7-AD1854908457}.Release|x86.ActiveCfg = Release|Win32
		{6ED5DE99-18CC-4984-B4C7-AD1854908457}.Release|x86.Build.0 = Release|Win32
	EndGlobalSection
	GlobalSection(SolutionProperties) = preSolution
		HideSolutionNode = FALSE
	EndGlobalSection
	GlobalSection(ExtensibilityGlobals) = postSolution
		SolutionGuid = {3F1ABEA1-79BE-461E-80AA-2C370CE85B89}
	EndGlobalSection
EndGlobal
